// !$*UTF8*$!
{
	archiveVersion = 1;
	classes = {
	};
	objectVersion = 55;
	objects = {

/* Begin PBXBuildFile section */
		7627FF4627953FAA009FC777 /* CaculateApp.swift in Sources */ = {isa = PBXBuildFile; fileRef = 7627FF4527953FAA009FC777 /* CaculateApp.swift */; };
		7627FF4827953FAA009FC777 /* ContentView.swift in Sources */ = {isa = PBXBuildFile; fileRef = 7627FF4727953FAA009FC777 /* ContentView.swift */; };
		7627FF4A27953FAE009FC777 /* Assets.xcassets in Resources */ = {isa = PBXBuildFile; fileRef = 7627FF4927953FAE009FC777 /* Assets.xcassets */; };
		7627FF4D27953FAE009FC777 /* Preview Assets.xcassets in Resources */ = {isa = PBXBuildFile; fileRef = 7627FF4C27953FAE009FC777 /* Preview Assets.xcassets */; };
		7627FF5727953FB0009FC777 /* CaculateTests.swift in Sources */ = {isa = PBXBuildFile; fileRef = 7627FF5627953FB0009FC777 /* CaculateTests.swift */; };
		7627FF6127953FB0009FC777 /* CaculateUITests.swift in Sources */ = {isa = PBXBuildFile; fileRef = 7627FF6027953FB0009FC777 /* CaculateUITests.swift */; };
		7627FF6327953FB0009FC777 /* CaculateUITestsLaunchTests.swift in Sources */ = {isa = PBXBuildFile; fileRef = 7627FF6227953FB0009FC777 /* CaculateUITestsLaunchTests.swift */; };
		7627FF70279550C8009FC777 /* CalBtn.swift in Sources */ = {isa = PBXBuildFile; fileRef = 7627FF6F279550C8009FC777 /* CalBtn.swift */; };
		7627FF7227955465009FC777 /* CalculateButtonItem.swift in Sources */ = {isa = PBXBuildFile; fileRef = 7627FF7127955465009FC777 /* CalculateButtonItem.swift */; };
		7627FF7427955A9C009FC777 /* CalBtnRow.swift in Sources */ = {isa = PBXBuildFile; fileRef = 7627FF7327955A9C009FC777 /* CalBtnRow.swift */; };
		7627FF76279560F6009FC777 /* CalView.swift in Sources */ = {isa = PBXBuildFile; fileRef = 7627FF75279560F6009FC777 /* CalView.swift */; };
/* End PBXBuildFile section */

/* Begin PBXContainerItemProxy section */
		7627FF5327953FB0009FC777 /* PBXContainerItemProxy */ = {
			isa = PBXContainerItemProxy;
			containerPortal = 7627FF3A27953FAA009FC777 /* Project object */;
			proxyType = 1;
			remoteGlobalIDString = 7627FF4127953FAA009FC777;
			remoteInfo = Caculate;
		};
		7627FF5D27953FB0009FC777 /* PBXContainerItemProxy */ = {
			isa = PBXContainerItemProxy;
			containerPortal = 7627FF3A27953FAA009FC777 /* Project object */;
			proxyType = 1;
			remoteGlobalIDString = 7627FF4127953FAA009FC777;
			remoteInfo = Caculate;
		};
/* End PBXContainerItemProxy section */

/* Begin PBXFileReference section */
		7627FF4227953FAA009FC777 /* Caculate.app */ = {isa = PBXFileReference; explicitFileType = wrapper.application; includeInIndex = 0; path = Caculate.app; sourceTree = BUILT_PRODUCTS_DIR; };
		7627FF4527953FAA009FC777 /* CaculateApp.swift */ = {isa = PBXFileReference; lastKnownFileType = sourcecode.swift; path = CaculateApp.swift; sourceTree = "<group>"; };
		7627FF4727953FAA009FC777 /* ContentView.swift */ = {isa = PBXFileReference; lastKnownFileType = sourcecode.swift; path = ContentView.swift; sourceTree = "<group>"; };
		7627FF4927953FAE009FC777 /* Assets.xcassets */ = {isa = PBXFileReference; lastKnownFileType = folder.assetcatalog; path = Assets.xcassets; sourceTree = "<group>"; };
		7627FF4C27953FAE009FC777 /* Preview Assets.xcassets */ = {isa = PBXFileReference; lastKnownFileType = folder.assetcatalog; path = "Preview Assets.xcassets"; sourceTree = "<group>"; };
		7627FF5227953FB0009FC777 /* CaculateTests.xctest */ = {isa = PBXFileReference; explicitFileType = wrapper.cfbundle; includeInIndex = 0; path = CaculateTests.xctest; sourceTree = BUILT_PRODUCTS_DIR; };
		7627FF5627953FB0009FC777 /* CaculateTests.swift */ = {isa = PBXFileReference; lastKnownFileType = sourcecode.swift; path = CaculateTests.swift; sourceTree = "<group>"; };
		7627FF5C27953FB0009FC777 /* CaculateUITests.xctest */ = {isa = PBXFileReference; explicitFileType = wrapper.cfbundle; includeInIndex = 0; path = CaculateUITests.xctest; sourceTree = BUILT_PRODUCTS_DIR; };
		7627FF6027953FB0009FC777 /* CaculateUITests.swift */ = {isa = PBXFileReference; lastKnownFileType = sourcecode.swift; path = CaculateUITests.swift; sourceTree = "<group>"; };
		7627FF6227953FB0009FC777 /* CaculateUITestsLaunchTests.swift */ = {isa = PBXFileReference; lastKnownFileType = sourcecode.swift; path = CaculateUITestsLaunchTests.swift; sourceTree = "<group>"; };
		7627FF6F279550C8009FC777 /* CalBtn.swift */ = {isa = PBXFileReference; lastKnownFileType = sourcecode.swift; path = CalBtn.swift; sourceTree = "<group>"; };
		7627FF7127955465009FC777 /* CalculateButtonItem.swift */ = {isa = PBXFileReference; lastKnownFileType = sourcecode.swift; path = CalculateButtonItem.swift; sourceTree = "<group>"; };
		7627FF7327955A9C009FC777 /* CalBtnRow.swift */ = {isa = PBXFileReference; lastKnownFileType = sourcecode.swift; path = CalBtnRow.swift; sourceTree = "<group>"; };
		7627FF75279560F6009FC777 /* CalView.swift */ = {isa = PBXFileReference; lastKnownFileType = sourcecode.swift; path = CalView.swift; sourceTree = "<group>"; };
/* End PBXFileReference section */

/* Begin PBXFrameworksBuildPhase section */
		7627FF3F27953FAA009FC777 /* Frameworks */ = {
			isa = PBXFrameworksBuildPhase;
			buildActionMask = 2147483647;
			files = (
			);
			runOnlyForDeploymentPostprocessing = 0;
		};
		7627FF4F27953FB0009FC777 /* Frameworks */ = {
			isa = PBXFrameworksBuildPhase;
			buildActionMask = 2147483647;
			files = (
			);
			runOnlyForDeploymentPostprocessing = 0;
		};
		7627FF5927953FB0009FC777 /* Frameworks */ = {
			isa = PBXFrameworksBuildPhase;
			buildActionMask = 2147483647;
			files = (
			);
			runOnlyForDeploymentPostprocessing = 0;
		};
/* End PBXFrameworksBuildPhase section */

/* Begin PBXGroup section */
		7627FF3927953FAA009FC777 = {
			isa = PBXGroup;
			children = (
				7627FF4427953FAA009FC777 /* Caculate */,
				7627FF5527953FB0009FC777 /* CaculateTests */,
				7627FF5F27953FB0009FC777 /* CaculateUITests */,
				7627FF4327953FAA009FC777 /* Products */,
			);
			sourceTree = "<group>";
		};
		7627FF4327953FAA009FC777 /* Products */ = {
			isa = PBXGroup;
			children = (
				7627FF4227953FAA009FC777 /* Caculate.app */,
				7627FF5227953FB0009FC777 /* CaculateTests.xctest */,
				7627FF5C27953FB0009FC777 /* CaculateUITests.xctest */,
			);
			name = Products;
			sourceTree = "<group>";
		};
		7627FF4427953FAA009FC777 /* Caculate */ = {
			isa = PBXGroup;
			children = (
				7627FF4527953FAA009FC777 /* CaculateApp.swift */,
				7627FF4727953FAA009FC777 /* ContentView.swift */,
				7627FF6F279550C8009FC777 /* CalBtn.swift */,
				7627FF7127955465009FC777 /* CalculateButtonItem.swift */,
				7627FF7327955A9C009FC777 /* CalBtnRow.swift */,
				7627FF75279560F6009FC777 /* CalView.swift */,
				7627FF4927953FAE009FC777 /* Assets.xcassets */,
				7627FF4B27953FAE009FC777 /* Preview Content */,
			);
			path = Caculate;
			sourceTree = "<group>";
		};
		7627FF4B27953FAE009FC777 /* Preview Content */ = {
			isa = PBXGroup;
			children = (
				7627FF4C27953FAE009FC777 /* Preview Assets.xcassets */,
			);
			path = "Preview Content";
			sourceTree = "<group>";
		};
		7627FF5527953FB0009FC777 /* CaculateTests */ = {
			isa = PBXGroup;
			children = (
				7627FF5627953FB0009FC777 /* CaculateTests.swift */,
			);
			path = CaculateTests;
			sourceTree = "<group>";
		};
		7627FF5F27953FB0009FC777 /* CaculateUITests */ = {
			isa = PBXGroup;
			children = (
				7627FF6027953FB0009FC777 /* CaculateUITests.swift */,
				7627FF6227953FB0009FC777 /* CaculateUITestsLaunchTests.swift */,
			);
			path = CaculateUITests;
			sourceTree = "<group>";
		};
/* End PBXGroup section */

/* Begin PBXNativeTarget section */
		7627FF4127953FAA009FC777 /* Caculate */ = {
			isa = PBXNativeTarget;
			buildConfigurationList = 7627FF6627953FB0009FC777 /* Build configuration list for PBXNativeTarget "Caculate" */;
			buildPhases = (
				7627FF3E27953FAA009FC777 /* Sources */,
				7627FF3F27953FAA009FC777 /* Frameworks */,
				7627FF4027953FAA009FC777 /* Resources */,
			);
			buildRules = (
			);
			dependencies = (
			);
			name = Caculate;
			productName = Caculate;
			productReference = 7627FF4227953FAA009FC777 /* Caculate.app */;
			productType = "com.apple.product-type.application";
		};
		7627FF5127953FB0009FC777 /* CaculateTests */ = {
			isa = PBXNativeTarget;
			buildConfigurationList = 7627FF6927953FB0009FC777 /* Build configuration list for PBXNativeTarget "CaculateTests" */;
			buildPhases = (
				7627FF4E27953FB0009FC777 /* Sources */,
				7627FF4F27953FB0009FC777 /* Frameworks */,
				7627FF5027953FB0009FC777 /* Resources */,
			);
			buildRules = (
			);
			dependencies = (
				7627FF5427953FB0009FC777 /* PBXTargetDependency */,
			);
			name = CaculateTests;
			productName = CaculateTests;
			productReference = 7627FF5227953FB0009FC777 /* CaculateTests.xctest */;
			productType = "com.apple.product-type.bundle.unit-test";
		};
		7627FF5B27953FB0009FC777 /* CaculateUITests */ = {
			isa = PBXNativeTarget;
			buildConfigurationList = 7627FF6C27953FB0009FC777 /* Build configuration list for PBXNativeTarget "CaculateUITests" */;
			buildPhases = (
				7627FF5827953FB0009FC777 /* Sources */,
				7627FF5927953FB0009FC777 /* Frameworks */,
				7627FF5A27953FB0009FC777 /* Resources */,
			);
			buildRules = (
			);
			dependencies = (
				7627FF5E27953FB0009FC777 /* PBXTargetDependency */,
			);
			name = CaculateUITests;
			productName = CaculateUITests;
			productReference = 7627FF5C27953FB0009FC777 /* CaculateUITests.xctest */;
			productType = "com.apple.product-type.bundle.ui-testing";
		};
/* End PBXNativeTarget section */

/* Begin PBXProject section */
		7627FF3A27953FAA009FC777 /* Project object */ = {
			isa = PBXProject;
			attributes = {
				BuildIndependentTargetsInParallel = 1;
				LastSwiftUpdateCheck = 1320;
				LastUpgradeCheck = 1320;
				TargetAttributes = {
					7627FF4127953FAA009FC777 = {
						CreatedOnToolsVersion = 13.2.1;
					};
					7627FF5127953FB0009FC777 = {
						CreatedOnToolsVersion = 13.2.1;
						TestTargetID = 7627FF4127953FAA009FC777;
					};
					7627FF5B27953FB0009FC777 = {
						CreatedOnToolsVersion = 13.2.1;
						TestTargetID = 7627FF4127953FAA009FC777;
					};
				};
			};
			buildConfigurationList = 7627FF3D27953FAA009FC777 /* Build configuration list for PBXProject "Caculate" */;
			compatibilityVersion = "Xcode 13.0";
			developmentRegion = en;
			hasScannedForEncodings = 0;
			knownRegions = (
				en,
				Base,
			);
			mainGroup = 7627FF3927953FAA009FC777;
			productRefGroup = 7627FF4327953FAA009FC777 /* Products */;
			projectDirPath = "";
			projectRoot = "";
			targets = (
				7627FF4127953FAA009FC777 /* Caculate */,
				7627FF5127953FB0009FC777 /* CaculateTests */,
				7627FF5B27953FB0009FC777 /* CaculateUITests */,
			);
		};
/* End PBXProject section */

/* Begin PBXResourcesBuildPhase section */
		7627FF4027953FAA009FC777 /* Resources */ = {
			isa = PBXResourcesBuildPhase;
			buildActionMask = 2147483647;
			files = (
				7627FF4D27953FAE009FC777 /* Preview Assets.xcassets in Resources */,
				7627FF4A27953FAE009FC777 /* Assets.xcassets in Resources */,
			);
			runOnlyForDeploymentPostprocessing = 0;
		};
		7627FF5027953FB0009FC777 /* Resources */ = {
			isa = PBXResourcesBuildPhase;
			buildActionMask = 2147483647;
			files = (
			);
			runOnlyForDeploymentPostprocessing = 0;
		};
		7627FF5A27953FB0009FC777 /* Resources */ = {
			isa = PBXResourcesBuildPhase;
			buildActionMask = 2147483647;
			files = (
			);
			runOnlyForDeploymentPostprocessing = 0;
		};
/* End PBXResourcesBuildPhase section */

/* Begin PBXSourcesBuildPhase section */
		7627FF3E27953FAA009FC777 /* Sources */ = {
			isa = PBXSourcesBuildPhase;
			buildActionMask = 2147483647;
			files = (
				7627FF70279550C8009FC777 /* CalBtn.swift in Sources */,
				7627FF76279560F6009FC777 /* CalView.swift in Sources */,
				7627FF7227955465009FC777 /* CalculateButtonItem.swift in Sources */,
				7627FF4827953FAA009FC777 /* ContentView.swift in Sources */,
				7627FF4627953FAA009FC777 /* CaculateApp.swift in Sources */,
				7627FF7427955A9C009FC777 /* CalBtnRow.swift in Sources */,
			);
			runOnlyForDeploymentPostprocessing = 0;
		};
		7627FF4E27953FB0009FC777 /* Sources */ = {
			isa = PBXSourcesBuildPhase;
			buildActionMask = 2147483647;
			files = (
				7627FF5727953FB0009FC777 /* CaculateTests.swift in Sources */,
			);
			runOnlyForDeploymentPostprocessing = 0;
		};
		7627FF5827953FB0009FC777 /* Sources */ = {
			isa = PBXSourcesBuildPhase;
			buildActionMask = 2147483647;
			files = (
				7627FF6327953FB0009FC777 /* CaculateUITestsLaunchTests.swift in Sources */,
				7627FF6127953FB0009FC777 /* CaculateUITests.swift in Sources */,
			);
			runOnlyForDeploymentPostprocessing = 0;
		};
/* End PBXSourcesBuildPhase section */

/* Begin PBXTargetDependency section */
		7627FF5427953FB0009FC777 /* PBXTargetDependency */ = {
			isa = PBXTargetDependency;
			target = 7627FF4127953FAA009FC777 /* Caculate */;
			targetProxy = 7627FF5327953FB0009FC777 /* PBXContainerItemProxy */;
		};
		7627FF5E27953FB0009FC777 /* PBXTargetDependency */ = {
			isa = PBXTargetDependency;
			target = 7627FF4127953FAA009FC777 /* Caculate */;
			targetProxy = 7627FF5D27953FB0009FC777 /* PBXContainerItemProxy */;
		};
/* End PBXTargetDependency section */

/* Begin XCBuildConfiguration section */
		7627FF6427953FB0009FC777 /* Debug */ = {
			isa = XCBuildConfiguration;
			buildSettings = {
				ALWAYS_SEARCH_USER_PATHS = NO;
				CLANG_ANALYZER_NONNULL = YES;
				CLANG_ANALYZER_NUMBER_OBJECT_CONVERSION = YES_AGGRESSIVE;
				CLANG_CXX_LANGUAGE_STANDARD = "gnu++17";
				CLANG_CXX_LIBRARY = "libc++";
				CLANG_ENABLE_MODULES = YES;
				CLANG_ENABLE_OBJC_ARC = YES;
				CLANG_ENABLE_OBJC_WEAK = YES;
				CLANG_WARN_BLOCK_CAPTURE_AUTORELEASING = YES;
				CLANG_WARN_BOOL_CONVERSION = YES;
				CLANG_WARN_COMMA = YES;
				CLANG_WARN_CONSTANT_CONVERSION = YES;
				CLANG_WARN_DEPRECATED_OBJC_IMPLEMENTATIONS = YES;
				CLANG_WARN_DIRECT_OBJC_ISA_USAGE = YES_ERROR;
				CLANG_WARN_DOCUMENTATION_COMMENTS = YES;
				CLANG_WARN_EMPTY_BODY = YES;
				CLANG_WARN_ENUM_CONVERSION = YES;
				CLANG_WARN_INFINITE_RECURSION = YES;
				CLANG_WARN_INT_CONVERSION = YES;
				CLANG_WARN_NON_LITERAL_NULL_CONVERSION = YES;
				CLANG_WARN_OBJC_IMPLICIT_RETAIN_SELF = YES;
				CLANG_WARN_OBJC_LITERAL_CONVERSION = YES;
				CLANG_WARN_OBJC_ROOT_CLASS = YES_ERROR;
				CLANG_WARN_QUOTED_INCLUDE_IN_FRAMEWORK_HEADER = YES;
				CLANG_WARN_RANGE_LOOP_ANALYSIS = YES;
				CLANG_WARN_STRICT_PROTOTYPES = YES;
				CLANG_WARN_SUSPICIOUS_MOVE = YES;
				CLANG_WARN_UNGUARDED_AVAILABILITY = YES_AGGRESSIVE;
				CLANG_WARN_UNREACHABLE_CODE = YES;
				CLANG_WARN__DUPLICATE_METHOD_MATCH = YES;
				COPY_PHASE_STRIP = NO;
				DEBUG_INFORMATION_FORMAT = dwarf;
				ENABLE_STRICT_OBJC_MSGSEND = YES;
				ENABLE_TESTABILITY = YES;
				GCC_C_LANGUAGE_STANDARD = gnu11;
				GCC_DYNAMIC_NO_PIC = NO;
				GCC_NO_COMMON_BLOCKS = YES;
				GCC_OPTIMIZATION_LEVEL = 0;
				GCC_PREPROCESSOR_DEFINITIONS = (
					"DEBUG=1",
					"$(inherited)",
				);
				GCC_WARN_64_TO_32_BIT_CONVERSION = YES;
				GCC_WARN_ABOUT_RETURN_TYPE = YES_ERROR;
				GCC_WARN_UNDECLARED_SELECTOR = YES;
				GCC_WARN_UNINITIALIZED_AUTOS = YES_AGGRESSIVE;
				GCC_WARN_UNUSED_FUNCTION = YES;
				GCC_WARN_UNUSED_VARIABLE = YES;
				IPHONEOS_DEPLOYMENT_TARGET = 15.2;
				MTL_ENABLE_DEBUG_INFO = INCLUDE_SOURCE;
				MTL_FAST_MATH = YES;
				ONLY_ACTIVE_ARCH = YES;
				SDKROOT = iphoneos;
				SWIFT_ACTIVE_COMPILATION_CONDITIONS = DEBUG;
				SWIFT_OPTIMIZATION_LEVEL = "-Onone";
			};
			name = Debug;
		};
		7627FF6527953FB0009FC777 /* Release */ = {
			isa = XCBuildConfiguration;
			buildSettings = {
				ALWAYS_SEARCH_USER_PATHS = NO;
				CLANG_ANALYZER_NONNULL = YES;
				CLANG_ANALYZER_NUMBER_OBJECT_CONVERSION = YES_AGGRESSIVE;
				CLANG_CXX_LANGUAGE_STANDARD = "gnu++17";
				CLANG_CXX_LIBRARY = "libc++";
				CLANG_ENABLE_MODULES = YES;
				CLANG_ENABLE_OBJC_ARC = YES;
				CLANG_ENABLE_OBJC_WEAK = YES;
				CLANG_WARN_BLOCK_CAPTURE_AUTORELEASING = YES;
				CLANG_WARN_BOOL_CONVERSION = YES;
				CLANG_WARN_COMMA = YES;
				CLANG_WARN_CONSTANT_CONVERSION = YES;
				CLANG_WARN_DEPRECATED_OBJC_IMPLEMENTATIONS = YES;
				CLANG_WARN_DIRECT_OBJC_ISA_USAGE = YES_ERROR;
				CLANG_WARN_DOCUMENTATION_COMMENTS = YES;
				CLANG_WARN_EMPTY_BODY = YES;
				CLANG_WARN_ENUM_CONVERSION = YES;
				CLANG_WARN_INFINITE_RECURSION = YES;
				CLANG_WARN_INT_CONVERSION = YES;
				CLANG_WARN_NON_LITERAL_NULL_CONVERSION = YES;
				CLANG_WARN_OBJC_IMPLICIT_RETAIN_SELF = YES;
				CLANG_WARN_OBJC_LITERAL_CONVERSION = YES;
				CLANG_WARN_OBJC_ROOT_CLASS = YES_ERROR;
				CLANG_WARN_QUOTED_INCLUDE_IN_FRAMEWORK_HEADER = YES;
				CLANG_WARN_RANGE_LOOP_ANALYSIS = YES;
				CLANG_WARN_STRICT_PROTOTYPES = YES;
				CLANG_WARN_SUSPICIOUS_MOVE = YES;
				CLANG_WARN_UNGUARDED_AVAILABILITY = YES_AGGRESSIVE;
				CLANG_WARN_UNREACHABLE_CODE = YES;
				CLANG_WARN__DUPLICATE_METHOD_MATCH = YES;
				COPY_PHASE_STRIP = NO;
				DEBUG_INFORMATION_FORMAT = "dwarf-with-dsym";
				ENABLE_NS_ASSERTIONS = NO;
				ENABLE_STRICT_OBJC_MSGSEND = YES;
				GCC_C_LANGUAGE_STANDARD = gnu11;
				GCC_NO_COMMON_BLOCKS = YES;
				GCC_WARN_64_TO_32_BIT_CONVERSION = YES;
				GCC_WARN_ABOUT_RETURN_TYPE = YES_ERROR;
				GCC_WARN_UNDECLARED_SELECTOR = YES;
				GCC_WARN_UNINITIALIZED_AUTOS = YES_AGGRESSIVE;
				GCC_WARN_UNUSED_FUNCTION = YES;
				GCC_WARN_UNUSED_VARIABLE = YES;
				IPHONEOS_DEPLOYMENT_TARGET = 15.2;
				MTL_ENABLE_DEBUG_INFO = NO;
				MTL_FAST_MATH = YES;
				SDKROOT = iphoneos;
				SWIFT_COMPILATION_MODE = wholemodule;
				SWIFT_OPTIMIZATION_LEVEL = "-O";
				VALIDATE_PRODUCT = YES;
			};
			name = Release;
		};
		7627FF6727953FB0009FC777 /* Debug */ = {
			isa = XCBuildConfiguration;
			buildSettings = {
				ASSETCATALOG_COMPILER_APPICON_NAME = AppIcon;
				ASSETCATALOG_COMPILER_GLOBAL_ACCENT_COLOR_NAME = AccentColor;
				CODE_SIGN_STYLE = Automatic;
				CURRENT_PROJECT_VERSION = 1;
				DEVELOPMENT_ASSET_PATHS = "\"Caculate/Preview Content\"";
				DEVELOPMENT_TEAM = 4RTJ4EAMCP;
				ENABLE_PREVIEWS = YES;
				GENERATE_INFOPLIST_FILE = YES;
				INFOPLIST_KEY_UIApplicationSceneManifest_Generation = YES;
				INFOPLIST_KEY_UIApplicationSupportsIndirectInputEvents = YES;
				INFOPLIST_KEY_UILaunchScreen_Generation = YES;
				INFOPLIST_KEY_UISupportedInterfaceOrientations_iPad = "UIInterfaceOrientationPortrait UIInterfaceOrientationPortraitUpsideDown UIInterfaceOrientationLandscapeLeft UIInterfaceOrientationLandscapeRight";
				INFOPLIST_KEY_UISupportedInterfaceOrientations_iPhone = "UIInterfaceOrientationPortrait UIInterfaceOrientationLandscapeLeft UIInterfaceOrientationLandscapeRight";
				LD_RUNPATH_SEARCH_PATHS = (
					"$(inherited)",
					"@executable_path/Frameworks",
				);
				MARKETING_VERSION = 1.0;
				PRODUCT_BUNDLE_IDENTIFIER = com.hbddz.com.Caculate;
				PRODUCT_NAME = "$(TARGET_NAME)";
				SWIFT_EMIT_LOC_STRINGS = YES;
				SWIFT_VERSION = 5.0;
				TARGETED_DEVICE_FAMILY = "1,2";
			};
			name = Debug;
		};
		7627FF6827953FB0009FC777 /* Release */ = {
			isa = XCBuildConfiguration;
			buildSettings = {
				ASSETCATALOG_COMPILER_APPICON_NAME = AppIcon;
				ASSETCATALOG_COMPILER_GLOBAL_ACCENT_COLOR_NAME = AccentColor;
				CODE_SIGN_STYLE = Automatic;
				CURRENT_PROJECT_VERSION = 1;
				DEVELOPMENT_ASSET_PATHS = "\"Caculate/Preview Content\"";
				DEVELOPMENT_TEAM = 4RTJ4EAMCP;
				ENABLE_PREVIEWS = YES;
				GENERATE_INFOPLIST_FILE = YES;
				INFOPLIST_KEY_UIApplicationSceneManifest_Generation = YES;
				INFOPLIST_KEY_UIApplicationSupportsIndirectInputEvents = YES;
				INFOPLIST_KEY_UILaunchScreen_Generation = YES;
				INFOPLIST_KEY_UISupportedInterfaceOrientations_iPad = "UIInterfaceOrientationPortrait UIInterfaceOrientationPortraitUpsideDown UIInterfaceOrientationLandscapeLeft UIInterfaceOrientationLandscapeRight";
				INFOPLIST_KEY_UISupportedInterfaceOrientations_iPhone = "UIInterfaceOrientationPortrait UIInterfaceOrientationLandscapeLeft UIInterfaceOrientationLandscapeRight";
				LD_RUNPATH_SEARCH_PATHS = (
					"$(inherited)",
					"@executable_path/Frameworks",
				);
				MARKETING_VERSION = 1.0;
				PRODUCT_BUNDLE_IDENTIFIER = com.hbddz.com.Caculate;
				PRODUCT_NAME = "$(TARGET_NAME)";
				SWIFT_EMIT_LOC_STRINGS = YES;
				SWIFT_VERSION = 5.0;
				TARGETED_DEVICE_FAMILY = "1,2";
			};
			name = Release;
		};
		7627FF6A27953FB0009FC777 /* Debug */ = {
			isa = XCBuildConfiguration;
			buildSettings = {
				ALWAYS_EMBED_SWIFT_STANDARD_LIBRARIES = YES;
				BUNDLE_LOADER = "$(TEST_HOST)";
				CODE_SIGN_STYLE = Automatic;
				CURRENT_PROJECT_VERSION = 1;
				DEVELOPMENT_TEAM = 4RTJ4EAMCP;
				GENERATE_INFOPLIST_FILE = YES;
				IPHONEOS_DEPLOYMENT_TARGET = 15.2;
				MARKETING_VERSION = 1.0;
				PRODUCT_BUNDLE_IDENTIFIER = com.hbddz.com.CaculateTests;
				PRODUCT_NAME = "$(TARGET_NAME)";
				SWIFT_EMIT_LOC_STRINGS = NO;
				SWIFT_VERSION = 5.0;
				TARGETED_DEVICE_FAMILY = "1,2";
				TEST_HOST = "$(BUILT_PRODUCTS_DIR)/Caculate.app/Caculate";
			};
			name = Debug;
		};
		7627FF6B27953FB0009FC777 /* Release */ = {
			isa = XCBuildConfiguration;
			buildSettings = {
				ALWAYS_EMBED_SWIFT_STANDARD_LIBRARIES = YES;
				BUNDLE_LOADER = "$(TEST_HOST)";
				CODE_SIGN_STYLE = Automatic;
				CURRENT_PROJECT_VERSION = 1;
				DEVELOPMENT_TEAM = 4RTJ4EAMCP;
				GENERATE_INFOPLIST_FILE = YES;
				IPHONEOS_DEPLOYMENT_TARGET = 15.2;
				MARKETING_VERSION = 1.0;
				PRODUCT_BUNDLE_IDENTIFIER = com.hbddz.com.CaculateTests;
				PRODUCT_NAME = "$(TARGET_NAME)";
				SWIFT_EMIT_LOC_STRINGS = NO;
				SWIFT_VERSION = 5.0;
				TARGETED_DEVICE_FAMILY = "1,2";
				TEST_HOST = "$(BUILT_PRODUCTS_DIR)/Caculate.app/Caculate";
			};
			name = Release;
		};
		7627FF6D27953FB0009FC777 /* Debug */ = {
			isa = XCBuildConfiguration;
			buildSettings = {
				ALWAYS_EMBED_SWIFT_STANDARD_LIBRARIES = YES;
				CODE_SIGN_STYLE = Automatic;
				CURRENT_PROJECT_VERSION = 1;
				DEVELOPMENT_TEAM = 4RTJ4EAMCP;
				GENERATE_INFOPLIST_FILE = YES;
				MARKETING_VERSION = 1.0;
				PRODUCT_BUNDLE_IDENTIFIER = com.hbddz.com.CaculateUITests;
				PRODUCT_NAME = "$(TARGET_NAME)";
				SWIFT_EMIT_LOC_STRINGS = NO;
				SWIFT_VERSION = 5.0;
				TARGETED_DEVICE_FAMILY = "1,2";
				TEST_TARGET_NAME = Caculate;
			};
			name = Debug;
		};
		7627FF6E27953FB0009FC777 /* Release */ = {
			isa = XCBuildConfiguration;
			buildSettings = {
				ALWAYS_EMBED_SWIFT_STANDARD_LIBRARIES = YES;
				CODE_SIGN_STYLE = Automatic;
				CURRENT_PROJECT_VERSION = 1;
				DEVELOPMENT_TEAM = 4RTJ4EAMCP;
				GENERATE_INFOPLIST_FILE = YES;
				MARKETING_VERSION = 1.0;
				PRODUCT_BUNDLE_IDENTIFIER = com.hbddz.com.CaculateUITests;
				PRODUCT_NAME = "$(TARGET_NAME)";
				SWIFT_EMIT_LOC_STRINGS = NO;
				SWIFT_VERSION = 5.0;
				TARGETED_DEVICE_FAMILY = "1,2";
				TEST_TARGET_NAME = Caculate;
			};
			name = Release;
		};
/* End XCBuildConfiguration section */

/* Begin XCConfigurationList section */
		7627FF3D27953FAA009FC777 /* Build configuration list for PBXProject "Caculate" */ = {
			isa = XCConfigurationList;
			buildConfigurations = (
				7627FF6427953FB0009FC777 /* Debug */,
				7627FF6527953FB0009FC777 /* Release */,
			);
			defaultConfigurationIsVisible = 0;
			defaultConfigurationName = Release;
		};
		7627FF6627953FB0009FC777 /* Build configuration list for PBXNativeTarget "Caculate" */ = {
			isa = XCConfigurationList;
			buildConfigurations = (
				7627FF6727953FB0009FC777 /* Debug */,
				7627FF6827953FB0009FC777 /* Release */,
			);
			defaultConfigurationIsVisible = 0;
			defaultConfigurationName = Release;
		};
		7627FF6927953FB0009FC777 /* Build configuration list for PBXNativeTarget "CaculateTests" */ = {
			isa = XCConfigurationList;
			buildConfigurations = (
				7627FF6A27953FB0009FC777 /* Debug */,
				7627FF6B27953FB0009FC777 /* Release */,
			);
			defaultConfigurationIsVisible = 0;
			defaultConfigurationName = Release;
		};
		7627FF6C27953FB0009FC777 /* Build configuration list for PBXNativeTarget "CaculateUITests" */ = {
			isa = XCConfigurationList;
			buildConfigurations = (
				7627FF6D27953FB0009FC777 /* Debug */,
				7627FF6E27953FB0009FC777 /* Release */,
			);
			defaultConfigurationIsVisible = 0;
			defaultConfigurationName = Release;
		};
/* End XCConfigurationList section */
	};
	rootObject = 7627FF3A27953FAA009FC777 /* Project object */;
}
